# This file is automatically @generated by Cargo.
# It is not intended for manual editing.
version = 3

[[package]]
name = "aho-corasick"
version = "0.6.1"
source = "registry+https://github.com/rust-lang/crates.io-index"
checksum = "4f660b942762979b56c9f07b4b36bb559776fbad102f05d6771e1b629e8fd5bf"
dependencies = [
 "memchr 1.0.1",
]

[[package]]
name = "aho-corasick"
version = "0.7.18"
source = "registry+https://github.com/rust-lang/crates.io-index"
checksum = "1e37cfd5e7657ada45f742d6e99ca5788580b5c529dc78faf11ece6dc702656f"
dependencies = [
 "memchr 2.5.0",
]

[[package]]
name = "ansi_term"
version = "0.9.0"
source = "registry+https://github.com/rust-lang/crates.io-index"
checksum = "23ac7c30002a5accbf7e8987d0632fa6de155b7c3d39d0067317a391e00a2ef6"

[[package]]
name = "aster"
version = "0.38.0"
source = "registry+https://github.com/rust-lang/crates.io-index"
checksum = "2c9b49e42a449c0b79d8acb91db37621de0978064dca7d3288ddcf030123e5b3"
dependencies = [
 "syntex_syntax",
]

[[package]]
name = "bindgen"
version = "0.20.5"
dependencies = [
 "aster",
 "cexpr",
 "cfg-if",
 "clang-sys",
 "clap",
 "diff",
 "env_logger",
 "lazy_static",
 "log",
 "quasi",
 "quasi_codegen",
 "regex 1.5.5",
 "rustc-serialize",
 "shlex",
 "syntex_syntax",
]

[[package]]
name = "bitflags"
version = "0.7.0"
source = "registry+https://github.com/rust-lang/crates.io-index"
checksum = "aad18937a628ec6abcd26d1489012cc0e18c21798210f491af69ded9b881106d"

[[package]]
name = "cexpr"
version = "0.2.0"
source = "registry+https://github.com/rust-lang/crates.io-index"
checksum = "393a5f0088efbe41f9d1fcd062f24e83c278608420e62109feb2c8abee07de7d"
dependencies = [
 "nom",
]

[[package]]
name = "cfg-if"
version = "0.1.0"
source = "registry+https://github.com/rust-lang/crates.io-index"
checksum = "de1e760d7b6535af4241fca8bd8adf68e2e7edacc6b29f5d399050c5e48cf88c"

[[package]]
name = "clang-sys"
version = "0.12.0"
source = "registry+https://github.com/rust-lang/crates.io-index"
checksum = "822ea22bbbef9f5934e9477860545fb0311a1759e43a276de42e2856c605aa2b"
dependencies = [
 "bitflags",
 "glob",
 "lazy_static",
 "libc",
 "libloading",
]

[[package]]
name = "clap"
version = "2.19.3"
source = "registry+https://github.com/rust-lang/crates.io-index"
checksum = "95b78f3fe0fc94c13c731714363260e04b557a637166f33a4570d3189d642374"
dependencies = [
 "ansi_term",
 "bitflags",
 "libc",
 "strsim",
 "term_size",
 "unicode-segmentation",
 "unicode-width",
 "vec_map",
]

[[package]]
name = "diff"
version = "0.1.9"
source = "registry+https://github.com/rust-lang/crates.io-index"
checksum = "e48977eec6d3b7707462c2dc2e1363ad91b5dd822cf942537ccdc2085dc87587"

[[package]]
name = "dtoa"
version = "0.2.2"
source = "registry+https://github.com/rust-lang/crates.io-index"
checksum = "0dd841b58510c9618291ffa448da2e4e0f699d984d436122372f446dae62263d"

[[package]]
name = "env_logger"
version = "0.4.0"
source = "registry+https://github.com/rust-lang/crates.io-index"
checksum = "99971fb1b635fe7a0ee3c4d065845bb93cca80a23b5613b5613391ece5de4144"
dependencies = [
 "log",
 "regex 0.2.11",
]

[[package]]
name = "glob"
version = "0.2.11"
source = "registry+https://github.com/rust-lang/crates.io-index"
checksum = "8be18de09a56b60ed0edf84bc9df007e30040691af7acd1c41874faac5895bfb"

[[package]]
name = "itoa"
version = "0.1.1"
source = "registry+https://github.com/rust-lang/crates.io-index"
checksum = "ae3088ea4baeceb0284ee9eea42f591226e6beaecf65373e41b38d95a1b8e7a1"

[[package]]
name = "kernel32-sys"
version = "0.2.2"
source = "registry+https://github.com/rust-lang/crates.io-index"
checksum = "7507624b29483431c0ba2d82aece8ca6cdba9382bff4ddd0f7490560c056098d"
dependencies = [
 "winapi",
 "winapi-build",
]

[[package]]
name = "lazy_static"
version = "0.2.2"
source = "registry+https://github.com/rust-lang/crates.io-index"
checksum = "6abe0ee2e758cd6bc8a2cd56726359007748fbf4128da998b65d0b70f881e19b"

[[package]]
name = "libc"
version = "0.2.20"
source = "registry+https://github.com/rust-lang/crates.io-index"
checksum = "684f330624d8c3784fb9558ca46c4ce488073a8d22450415c5eb4f4cfb0d11b5"

[[package]]
name = "libloading"
version = "0.3.1"
source = "registry+https://github.com/rust-lang/crates.io-index"
checksum = "84816a8c6ed8163dfe0dbdd2b09d35c6723270ea77a4c7afa4bedf038a36cb99"
dependencies = [
 "kernel32-sys",
 "lazy_static",
 "target_build_utils",
 "winapi",
]

[[package]]
name = "log"
version = "0.3.6"
source = "registry+https://github.com/rust-lang/crates.io-index"
checksum = "ab83497bf8bf4ed2a74259c1c802351fcd67a65baa86394b6ba73c36f4838054"

[[package]]
name = "memchr"
version = "1.0.1"
source = "registry+https://github.com/rust-lang/crates.io-index"
checksum = "1dbccc0e46f1ea47b9f17e6d67c5a96bd27030519c519c9c91327e31275a47b4"
dependencies = [
 "libc",
]

[[package]]
name = "memchr"
version = "2.5.0"
source = "registry+https://github.com/rust-lang/crates.io-index"
checksum = "2dffe52ecf27772e601905b7522cb4ef790d2cc203488bbd0e2fe85fcb74566d"

[[package]]
name = "nom"
version = "1.2.4"
source = "registry+https://github.com/rust-lang/crates.io-index"
checksum = "a5b8c256fd9471521bcb84c3cdba98921497f1a331cbc15b8030fc63b82050ce"

[[package]]
name = "num-traits"
version = "0.1.36"
source = "registry+https://github.com/rust-lang/crates.io-index"
checksum = "a16a42856a256b39c6d3484f097f6713e14feacd9bfb02290917904fae46c81c"

[[package]]
name = "phf"
version = "0.7.21"
source = "registry+https://github.com/rust-lang/crates.io-index"
checksum = "cb325642290f28ee14d8c6201159949a872f220c62af6e110a56ea914fbe42fc"
dependencies = [
 "phf_shared",
]

[[package]]
name = "phf_codegen"
version = "0.7.21"
source = "registry+https://github.com/rust-lang/crates.io-index"
checksum = "d62594c0bb54c464f633175d502038177e90309daf2e0158be42ed5f023ce88f"
dependencies = [
 "phf_generator",
 "phf_shared",
]

[[package]]
name = "phf_generator"
version = "0.7.21"
source = "registry+https://github.com/rust-lang/crates.io-index"
checksum = "6b07ffcc532ccc85e3afc45865469bf5d9e4ef5bfcf9622e3cfe80c2d275ec03"
dependencies = [
 "phf_shared",
 "rand",
]

[[package]]
name = "phf_shared"
version = "0.7.21"
source = "registry+https://github.com/rust-lang/crates.io-index"
checksum = "07e24b0ca9643bdecd0632f2b3da6b1b89bbb0030e0b992afc1113b23a7bc2f2"
dependencies = [
 "siphasher",
]

[[package]]
name = "quasi"
version = "0.29.0"
source = "registry+https://github.com/rust-lang/crates.io-index"
checksum = "dcbf815446dc6a0afbc72d88f9a8aa71b608d10b168e09437c80c0fd6fd410c9"
dependencies = [
 "syntex_errors",
 "syntex_syntax",
]

[[package]]
name = "quasi_codegen"
version = "0.29.0"
source = "registry+https://github.com/rust-lang/crates.io-index"
checksum = "b06172e92ab0099427609854ffb1512c377be5fc4beaf572ae5d5a01b8359596"
dependencies = [
 "aster",
 "syntex",
 "syntex_errors",
 "syntex_syntax",
]

[[package]]
name = "rand"
version = "0.3.15"
source = "registry+https://github.com/rust-lang/crates.io-index"
checksum = "022e0636ec2519ddae48154b028864bdce4eaf7d35226ab8e65c611be97b189d"
dependencies = [
 "libc",
]

[[package]]
name = "regex"
version = "0.2.11"
source = "registry+https://github.com/rust-lang/crates.io-index"
checksum = "9329abc99e39129fcceabd24cf5d85b4671ef7c29c50e972bc5afe32438ec384"
dependencies = [
 "aho-corasick 0.6.1",
 "memchr 2.5.0",
 "regex-syntax 0.5.6",
 "thread_local",
 "utf8-ranges",
]

[[package]]
name = "regex"
version = "1.5.5"
source = "registry+https://github.com/rust-lang/crates.io-index"
checksum = "1a11647b6b25ff05a515cb92c365cec08801e83423a235b51e231e1808747286"
dependencies = [
 "aho-corasick 0.7.18",
 "memchr 2.5.0",
 "regex-syntax 0.6.26",
]

[[package]]
name = "regex-syntax"
version = "0.5.6"
source = "registry+https://github.com/rust-lang/crates.io-index"
checksum = "7d707a4fa2637f2dca2ef9fd02225ec7661fe01a53623c1e6515b6916511f7a7"
dependencies = [
 "ucd-util",
]

[[package]]
name = "regex-syntax"
version = "0.6.26"
source = "registry+https://github.com/rust-lang/crates.io-index"
checksum = "49b3de9ec5dc0a3417da371aab17d729997c15010e7fd24ff707773a33bddb64"

[[package]]
name = "rustc-serialize"
version = "0.3.22"
source = "registry+https://github.com/rust-lang/crates.io-index"
checksum = "237546c689f20bb44980270c73c3b9edd0891c1be49cc1274406134a66d3957b"

[[package]]
name = "serde"
version = "0.8.23"
source = "registry+https://github.com/rust-lang/crates.io-index"
checksum = "9dad3f759919b92c3068c696c15c3d17238234498bbdcc80f2c469606f948ac8"

[[package]]
name = "serde_json"
version = "0.8.6"
source = "registry+https://github.com/rust-lang/crates.io-index"
checksum = "67f7d2e9edc3523a9c8ec8cd6ec481b3a27810aafee3e625d311febd3e656b4c"
dependencies = [
 "dtoa",
 "itoa",
 "num-traits",
 "serde",
]

[[package]]
name = "shlex"
version = "0.1.1"
source = "registry+https://github.com/rust-lang/crates.io-index"
checksum = "7fdf1b9db47230893d76faad238fd6097fd6d6a9245cd7a4d90dbd639536bbd2"

[[package]]
name = "siphasher"
version = "0.2.1"
source = "registry+https://github.com/rust-lang/crates.io-index"
checksum = "2ffc669b726f2bc9a3bcff66e5e23b56ba6bf70e22a34c3d7b6d0b3450b65b84"

[[package]]
name = "strsim"
version = "0.5.2"
source = "registry+https://github.com/rust-lang/crates.io-index"
checksum = "67f84c44fbb2f91db7fef94554e6b2ac05909c9c0b0bc23bb98d3a1aebfe7f7c"

[[package]]
name = "syntex"
version = "0.54.0"
source = "registry+https://github.com/rust-lang/crates.io-index"
checksum = "bb3f52553a966675982404dc34028291b347e0c9a9c0b0b34f2da6be8a0443f8"
dependencies = [
 "syntex_errors",
 "syntex_syntax",
]

[[package]]
name = "syntex_errors"
version = "0.54.0"
source = "registry+https://github.com/rust-lang/crates.io-index"
checksum = "dee2f6e49c075f71332bb775219d5982bee6732d26227fa1ae1b53cdb12f5cc5"
dependencies = [
 "libc",
 "log",
 "rustc-serialize",
 "syntex_pos",
 "term",
 "unicode-xid",
]

[[package]]
name = "syntex_pos"
version = "0.54.0"
source = "registry+https://github.com/rust-lang/crates.io-index"
checksum = "8df3921c7945dfb9ffc53aa35adb2cf4313b5ab5f079c3619b3d4eb82a0efc2b"
dependencies = [
 "rustc-serialize",
]

[[package]]
name = "syntex_syntax"
version = "0.54.0"
source = "registry+https://github.com/rust-lang/crates.io-index"
checksum = "dc960085bae44591e22d01f6c0e82a8aec832f8659aca556cdf8ecbdac2bb47b"
dependencies = [
 "bitflags",
 "libc",
 "log",
 "rustc-serialize",
 "syntex_errors",
 "syntex_pos",
 "term",
 "unicode-xid",
]

[[package]]
name = "target_build_utils"
version = "0.1.2"
source = "registry+https://github.com/rust-lang/crates.io-index"
checksum = "54c550e226618cd35334b75e92bfa5437c61474bdb75c38bf330ab5a8037b77c"
dependencies = [
 "phf",
 "phf_codegen",
 "serde_json",
]

[[package]]
name = "term"
version = "0.4.4"
source = "registry+https://github.com/rust-lang/crates.io-index"
checksum = "3deff8a2b3b6607d6d7cc32ac25c0b33709453ca9cceac006caac51e963cf94a"
dependencies = [
 "kernel32-sys",
 "winapi",
]

[[package]]
name = "term_size"
version = "0.2.1"
source = "registry+https://github.com/rust-lang/crates.io-index"
checksum = "3f7f5f3f71b0040cecc71af239414c23fd3c73570f5ff54cf50e03cef637f2a0"
dependencies = [
 "kernel32-sys",
 "libc",
 "winapi",
]

[[package]]
name = "thread-id"
version = "3.0.0"
source = "registry+https://github.com/rust-lang/crates.io-index"
checksum = "4437c97558c70d129e40629a5b385b3fb1ffac301e63941335e4d354081ec14a"
dependencies = [
 "kernel32-sys",
 "libc",
]

[[package]]
name = "thread_local"
version = "0.3.2"
source = "registry+https://github.com/rust-lang/crates.io-index"
checksum = "7793b722f0f77ce716e7f1acf416359ca32ff24d04ffbac4269f44a4a83be05d"
dependencies = [
 "thread-id",
 "unreachable",
]

[[package]]
name = "ucd-util"
version = "0.1.8"
source = "registry+https://github.com/rust-lang/crates.io-index"
checksum = "c85f514e095d348c279b1e5cd76795082cf15bd59b93207832abe0b1d8fed236"

[[package]]
name = "unicode-segmentation"
version = "0.1.3"
source = "registry+https://github.com/rust-lang/crates.io-index"
checksum = "c3bc443ded17b11305ffffe6b37e2076f328a5a8cb6aa877b1b98f77699e98b5"

[[package]]
name = "unicode-width"
version = "0.1.4"
source = "registry+https://github.com/rust-lang/crates.io-index"
checksum = "bf3a113775714a22dcb774d8ea3655c53a32debae63a063acc00a91cc586245f"

[[package]]
name = "unicode-xid"
version = "0.0.4"
source = "registry+https://github.com/rust-lang/crates.io-index"
checksum = "8c1f860d7d29cf02cb2f3f359fd35991af3d30bac52c57d265a3c461074cb4dc"

[[package]]
name = "unreachable"
version = "0.1.1"
source = "registry+https://github.com/rust-lang/crates.io-index"
checksum = "1f2ae5ddb18e1c92664717616dd9549dde73f539f01bd7b77c2edb2446bdff91"
dependencies = [
 "void",
]

[[package]]
name = "utf8-ranges"
version = "1.0.0"
source = "registry+https://github.com/rust-lang/crates.io-index"
checksum = "662fab6525a98beff2921d7f61a39e7d59e0b425ebc7d0d9e66d316e55124122"

[[package]]
name = "vec_map"
version = "0.6.0"
source = "registry+https://github.com/rust-lang/crates.io-index"
checksum = "cac5efe5cb0fa14ec2f84f83c701c562ee63f6dcc680861b21d65c682adfb05f"

[[package]]
name = "void"
version = "1.0.2"
source = "registry+https://github.com/rust-lang/crates.io-index"
checksum = "6a02e4885ed3bc0f2de90ea6dd45ebcbb66dacffe03547fadbb0eeae2770887d"

[[package]]
name = "winapi"
version = "0.2.8"
source = "registry+https://github.com/rust-lang/crates.io-index"
checksum = "167dc9d6949a9b857f3451275e911c3f44255842c1f7a76f33c55103a909087a"

[[package]]
name = "winapi-build"
version = "0.1.1"
source = "registry+https://github.com/rust-lang/crates.io-index"
checksum = "2d315eee3b34aca4797b2da6b13ed88266e6d612562a0c46390af8299fc699bc"
